
Microsoft Visual Studio Solution File, Format Version 12.00
# Visual Studio Version 16
VisualStudioVersion = 16.0.30804.86
MinimumVisualStudioVersion = 10.0.40219.1
Project("{FAE04EC0-301F-11D3-BF4B-00C04F79EFBC}") = "EdisonMolinaPrueba", "EdisonMolinaPrueba\EdisonMolinaPrueba.csproj", "{F923B416-208A-4C3B-8876-48CF3280F860}"
EndProject
Global
	GlobalSection(SolutionConfigurationPlatforms) = preSolution
		Debug|Any CPU = Debug|Any CPU
		Release|Any CPU = Release|Any CPU
	EndGlobalSection
	GlobalSection(ProjectConfigurationPlatforms) = postSolution
		{F923B416-208A-4C3B-8876-48CF3280F860}.Debug|Any CPU.ActiveCfg = Debug|Any CPU
		{F923B416-208A-4C3B-8876-48CF3280F860}.Debug|Any CPU.Build.0 = Debug|Any CPU
		{F923B416-208A-4C3B-8876-48CF3280F860}.Release|Any CPU.ActiveCfg = Release|Any CPU
		{F923B416-208A-4C3B-8876-48CF3280F860}.Release|Any CPU.Build.0 = Release|Any CPU
	EndGlobalSection
	GlobalSection(SolutionProperties) = preSolution
		HideSolutionNode = FALSE
	EndGlobalSection
	GlobalSection(ExtensibilityGlobals) = postSolution
		SolutionGuid = {F9CE04F0-B044-47B5-BE64-EA8225A89666}
	EndGlobalSection
EndGlobal
